
Microsoft Visual Studio Solution File, Format Version 12.00
# Visual Studio Version 16
VisualStudioVersion = 16.0.29519.181
MinimumVisualStudioVersion = 10.0.40219.1
Project("{9A19103F-16F7-4668-BE54-9A1E7A4F7556}") = "SSProjekatService", "SSProjekatService\SSProjekatService.csproj", "{58810DD3-ED0C-4137-944D-958AB3AC41D5}"
EndProject
Global
	GlobalSection(SolutionConfigurationPlatforms) = preSolution
		Debug|Any CPU = Debug|Any CPU
		Release|Any CPU = Release|Any CPU
	EndGlobalSection
	GlobalSection(ProjectConfigurationPlatforms) = postSolution
		{58810DD3-ED0C-4137-944D-958AB3AC41D5}.Debug|Any CPU.ActiveCfg = Debug|Any CPU
		{58810DD3-ED0C-4137-944D-958AB3AC41D5}.Debug|Any CPU.Build.0 = Debug|Any CPU
		{58810DD3-ED0C-4137-944D-958AB3AC41D5}.Release|Any CPU.ActiveCfg = Release|Any CPU
		{58810DD3-ED0C-4137-944D-958AB3AC41D5}.Release|Any CPU.Build.0 = Release|Any CPU
	EndGlobalSection
	GlobalSection(SolutionProperties) = preSolution
		HideSolutionNode = FALSE
	EndGlobalSection
	GlobalSection(ExtensibilityGlobals) = postSolution
		SolutionGuid = {A2A9AEB8-88C6-4794-AC90-7331FBF02D62}
	EndGlobalSection
EndGlobal
